
Microsoft Visual Studio Solution File, Format Version 12.00
# Visual Studio Version 16
VisualStudioVersion = 16.0.30011.22
MinimumVisualStudioVersion = 10.0.40219.1
Project("{FAE04EC0-301F-11D3-BF4B-00C04F79EFBC}") = "Snake", "Snake\Snake.csproj", "{D01DDD18-3BE3-406A-B0AD-F0002E23CB4D}"
EndProject
Global
	GlobalSection(SolutionConfigurationPlatforms) = preSolution
		Debug|Any CPU = Debug|Any CPU
		Release|Any CPU = Release|Any CPU
	EndGlobalSection
	GlobalSection(ProjectConfigurationPlatforms) = postSolution
		{D01DDD18-3BE3-406A-B0AD-F0002E23CB4D}.Debug|Any CPU.ActiveCfg = Debug|Any CPU
		{D01DDD18-3BE3-406A-B0AD-F0002E23CB4D}.Debug|Any CPU.Build.0 = Debug|Any CPU
		{D01DDD18-3BE3-406A-B0AD-F0002E23CB4D}.Release|Any CPU.ActiveCfg = Release|Any CPU
		{D01DDD18-3BE3-406A-B0AD-F0002E23CB4D}.Release|Any CPU.Build.0 = Release|Any CPU
	EndGlobalSection
	GlobalSection(SolutionProperties) = preSolution
		HideSolutionNode = FALSE
	EndGlobalSection
	GlobalSection(ExtensibilityGlobals) = postSolution
		SolutionGuid = {875A5D8D-E168-4607-ABA4-59CF5C1B6E8A}
	EndGlobalSection
EndGlobal
